// !$*UTF8*$!
{
	archiveVersion = 1;
	classes = {
	};
	objectVersion = 46;
	objects = {

/* Begin PBXBuildFile section */
		C79F62691980EC98002ED469 /* WebMethod.m in Sources */ = {isa = PBXBuildFile; fileRef = C79F62681980EC97002ED469 /* WebMethod.m */; };
		C79F628419811449002ED469 /* NSObject+SBJson.m in Sources */ = {isa = PBXBuildFile; fileRef = C79F626C19811449002ED469 /* NSObject+SBJson.m */; };
		C79F628519811449002ED469 /* SBJsonParser.m in Sources */ = {isa = PBXBuildFile; fileRef = C79F626F19811449002ED469 /* SBJsonParser.m */; };
		C79F628619811449002ED469 /* SBJsonStreamParser.m in Sources */ = {isa = PBXBuildFile; fileRef = C79F627119811449002ED469 /* SBJsonStreamParser.m */; };
		C79F628719811449002ED469 /* SBJsonStreamParserAccumulator.m in Sources */ = {isa = PBXBuildFile; fileRef = C79F627319811449002ED469 /* SBJsonStreamParserAccumulator.m */; };
		C79F628819811449002ED469 /* SBJsonStreamParserAdapter.m in Sources */ = {isa = PBXBuildFile; fileRef = C79F627519811449002ED469 /* SBJsonStreamParserAdapter.m */; };
		C79F628919811449002ED469 /* SBJsonStreamParserState.m in Sources */ = {isa = PBXBuildFile; fileRef = C79F627719811449002ED469 /* SBJsonStreamParserState.m */; };
		C79F628A19811449002ED469 /* SBJsonStreamWriter.m in Sources */ = {isa = PBXBuildFile; fileRef = C79F627919811449002ED469 /* SBJsonStreamWriter.m */; };
		C79F628B19811449002ED469 /* SBJsonStreamWriterAccumulator.m in Sources */ = {isa = PBXBuildFile; fileRef = C79F627B19811449002ED469 /* SBJsonStreamWriterAccumulator.m */; };
		C79F628C19811449002ED469 /* SBJsonStreamWriterState.m in Sources */ = {isa = PBXBuildFile; fileRef = C79F627D19811449002ED469 /* SBJsonStreamWriterState.m */; };
		C79F628D19811449002ED469 /* SBJsonTokeniser.m in Sources */ = {isa = PBXBuildFile; fileRef = C79F627F19811449002ED469 /* SBJsonTokeniser.m */; };
		C79F628E19811449002ED469 /* SBJsonUTF8Stream.m in Sources */ = {isa = PBXBuildFile; fileRef = C79F628119811449002ED469 /* SBJsonUTF8Stream.m */; };
		C79F628F19811449002ED469 /* SBJsonWriter.m in Sources */ = {isa = PBXBuildFile; fileRef = C79F628319811449002ED469 /* SBJsonWriter.m */; };
		C7A237A5197F72C1009401CF /* RegisterView.m in Sources */ = {isa = PBXBuildFile; fileRef = C7A237A3197F72C1009401CF /* RegisterView.m */; };
		C7A237A6197F72C1009401CF /* RegisterView.xib in Resources */ = {isa = PBXBuildFile; fileRef = C7A237A4197F72C1009401CF /* RegisterView.xib */; };
		C7A237AA197F72D9009401CF /* RegistrationView1.m in Sources */ = {isa = PBXBuildFile; fileRef = C7A237A8197F72D9009401CF /* RegistrationView1.m */; };
		C7A237AB197F72D9009401CF /* RegistrationView1.xib in Resources */ = {isa = PBXBuildFile; fileRef = C7A237A9197F72D9009401CF /* RegistrationView1.xib */; };
		C7A237AF197F72F5009401CF /* RegistrationView2.m in Sources */ = {isa = PBXBuildFile; fileRef = C7A237AD197F72F5009401CF /* RegistrationView2.m */; };
		C7A237B0197F72F5009401CF /* RegistrationView2.xib in Resources */ = {isa = PBXBuildFile; fileRef = C7A237AE197F72F5009401CF /* RegistrationView2.xib */; };
		C7A237B4197F74A1009401CF /* Menu_Cell.m in Sources */ = {isa = PBXBuildFile; fileRef = C7A237B2197F74A1009401CF /* Menu_Cell.m */; };
		C7A237B5197F74A1009401CF /* Menu_Cell.xib in Resources */ = {isa = PBXBuildFile; fileRef = C7A237B3197F74A1009401CF /* Menu_Cell.xib */; };
		C7A237B8197F79D2009401CF /* menudemo.png in Resources */ = {isa = PBXBuildFile; fileRef = C7A237B7197F79D2009401CF /* menudemo.png */; };
		C7A237BD197F8855009401CF /* facebookicon.png in Resources */ = {isa = PBXBuildFile; fileRef = C7A237BA197F8855009401CF /* facebookicon.png */; };
		C7A237BE197F8855009401CF /* googleplus.png in Resources */ = {isa = PBXBuildFile; fileRef = C7A237BB197F8855009401CF /* googleplus.png */; };
		C7A237BF197F8855009401CF /* twitter.png in Resources */ = {isa = PBXBuildFile; fileRef = C7A237BC197F8855009401CF /* twitter.png */; };
		C7A237C1197F8888009401CF /* register.jpg in Resources */ = {isa = PBXBuildFile; fileRef = C7A237C0197F8888009401CF /* register.jpg */; };
		C7A237C3197F91D4009401CF /* next.png in Resources */ = {isa = PBXBuildFile; fileRef = C7A237C2197F91D4009401CF /* next.png */; };
		C7A237CE197F9A60009401CF /* VCRadioButton.m in Sources */ = {isa = PBXBuildFile; fileRef = C7A237CD197F9A60009401CF /* VCRadioButton.m */; };
		C7A237D2197FDA0F009401CF /* checkbox.png in Resources */ = {isa = PBXBuildFile; fileRef = C7A237CF197FDA0F009401CF /* checkbox.png */; };
		C7A237D3197FDA0F009401CF /* checkbox-pressed.png in Resources */ = {isa = PBXBuildFile; fileRef = C7A237D0197FDA0F009401CF /* checkbox-pressed.png */; };
		C7A237D4197FDA0F009401CF /* checkbox-checked.png in Resources */ = {isa = PBXBuildFile; fileRef = C7A237D1197FDA0F009401CF /* checkbox-checked.png */; };
		C7CB532F197E8CE2008F7B8A /* Foundation.framework in Frameworks */ = {isa = PBXBuildFile; fileRef = C7CB532E197E8CE2008F7B8A /* Foundation.framework */; };
		C7CB5331197E8CE2008F7B8A /* CoreGraphics.framework in Frameworks */ = {isa = PBXBuildFile; fileRef = C7CB5330197E8CE2008F7B8A /* CoreGraphics.framework */; };
		C7CB5333197E8CE2008F7B8A /* UIKit.framework in Frameworks */ = {isa = PBXBuildFile; fileRef = C7CB5332197E8CE2008F7B8A /* UIKit.framework */; };
		C7CB5339197E8CE2008F7B8A /* InfoPlist.strings in Resources */ = {isa = PBXBuildFile; fileRef = C7CB5337197E8CE2008F7B8A /* InfoPlist.strings */; };
		C7CB533B197E8CE2008F7B8A /* main.m in Sources */ = {isa = PBXBuildFile; fileRef = C7CB533A197E8CE2008F7B8A /* main.m */; };
		C7CB533F197E8CE2008F7B8A /* AppDelegate.m in Sources */ = {isa = PBXBuildFile; fileRef = C7CB533E197E8CE2008F7B8A /* AppDelegate.m */; };
		C7CB5341197E8CE2008F7B8A /* Images.xcassets in Resources */ = {isa = PBXBuildFile; fileRef = C7CB5340197E8CE2008F7B8A /* Images.xcassets */; };
		C7CB5348197E8CE2008F7B8A /* XCTest.framework in Frameworks */ = {isa = PBXBuildFile; fileRef = C7CB5347197E8CE2008F7B8A /* XCTest.framework */; };
		C7CB5349197E8CE2008F7B8A /* Foundation.framework in Frameworks */ = {isa = PBXBuildFile; fileRef = C7CB532E197E8CE2008F7B8A /* Foundation.framework */; };
		C7CB534A197E8CE2008F7B8A /* UIKit.framework in Frameworks */ = {isa = PBXBuildFile; fileRef = C7CB5332197E8CE2008F7B8A /* UIKit.framework */; };
		C7CB5352197E8CE2008F7B8A /* InfoPlist.strings in Resources */ = {isa = PBXBuildFile; fileRef = C7CB5350197E8CE2008F7B8A /* InfoPlist.strings */; };
		C7CB5354197E8CE2008F7B8A /* BloodDonationAppTests.m in Sources */ = {isa = PBXBuildFile; fileRef = C7CB5353197E8CE2008F7B8A /* BloodDonationAppTests.m */; };
		C7CB5360197E8CFE008F7B8A /* ViewController.m in Sources */ = {isa = PBXBuildFile; fileRef = C7CB535E197E8CFE008F7B8A /* ViewController.m */; };
		C7CB5361197E8CFE008F7B8A /* ViewController.xib in Resources */ = {isa = PBXBuildFile; fileRef = C7CB535F197E8CFE008F7B8A /* ViewController.xib */; };
/* End PBXBuildFile section */

/* Begin PBXContainerItemProxy section */
		C7CB534B197E8CE2008F7B8A /* PBXContainerItemProxy */ = {
			isa = PBXContainerItemProxy;
			containerPortal = C7CB5323197E8CE2008F7B8A /* Project object */;
			proxyType = 1;
			remoteGlobalIDString = C7CB532A197E8CE2008F7B8A;
			remoteInfo = BloodDonationApp;
		};
/* End PBXContainerItemProxy section */

/* Begin PBXFileReference section */
		C79F62671980EC97002ED469 /* WebMethod.h */ = {isa = PBXFileReference; fileEncoding = 4; lastKnownFileType = sourcecode.c.h; path = WebMethod.h; sourceTree = "<group>"; };
		C79F62681980EC97002ED469 /* WebMethod.m */ = {isa = PBXFileReference; fileEncoding = 4; lastKnownFileType = sourcecode.c.objc; path = WebMethod.m; sourceTree = "<group>"; };
		C79F626B19811449002ED469 /* NSObject+SBJson.h */ = {isa = PBXFileReference; fileEncoding = 4; lastKnownFileType = sourcecode.c.h; path = "NSObject+SBJson.h"; sourceTree = "<group>"; };
		C79F626C19811449002ED469 /* NSObject+SBJson.m */ = {isa = PBXFileReference; fileEncoding = 4; lastKnownFileType = sourcecode.c.objc; path = "NSObject+SBJson.m"; sourceTree = "<group>"; };
		C79F626D19811449002ED469 /* SBJson.h */ = {isa = PBXFileReference; fileEncoding = 4; lastKnownFileType = sourcecode.c.h; path = SBJson.h; sourceTree = "<group>"; };
		C79F626E19811449002ED469 /* SBJsonParser.h */ = {isa = PBXFileReference; fileEncoding = 4; lastKnownFileType = sourcecode.c.h; path = SBJsonParser.h; sourceTree = "<group>"; };
		C79F626F19811449002ED469 /* SBJsonParser.m */ = {isa = PBXFileReference; fileEncoding = 4; lastKnownFileType = sourcecode.c.objc; path = SBJsonParser.m; sourceTree = "<group>"; };
		C79F627019811449002ED469 /* SBJsonStreamParser.h */ = {isa = PBXFileReference; fileEncoding = 4; lastKnownFileType = sourcecode.c.h; path = SBJsonStreamParser.h; sourceTree = "<group>"; };
		C79F627119811449002ED469 /* SBJsonStreamParser.m */ = {isa = PBXFileReference; fileEncoding = 4; lastKnownFileType = sourcecode.c.objc; path = SBJsonStreamParser.m; sourceTree = "<group>"; };
		C79F627219811449002ED469 /* SBJsonStreamParserAccumulator.h */ = {isa = PBXFileReference; fileEncoding = 4; lastKnownFileType = sourcecode.c.h; path = SBJsonStreamParserAccumulator.h; sourceTree = "<group>"; };
		C79F627319811449002ED469 /* SBJsonStreamParserAccumulator.m */ = {isa = PBXFileReference; fileEncoding = 4; lastKnownFileType = sourcecode.c.objc; path = SBJsonStreamParserAccumulator.m; sourceTree = "<group>"; };
		C79F627419811449002ED469 /* SBJsonStreamParserAdapter.h */ = {isa = PBXFileReference; fileEncoding = 4; lastKnownFileType = sourcecode.c.h; path = SBJsonStreamParserAdapter.h; sourceTree = "<group>"; };
		C79F627519811449002ED469 /* SBJsonStreamParserAdapter.m */ = {isa = PBXFileReference; fileEncoding = 4; lastKnownFileType = sourcecode.c.objc; path = SBJsonStreamParserAdapter.m; sourceTree = "<group>"; };
		C79F627619811449002ED469 /* SBJsonStreamParserState.h */ = {isa = PBXFileReference; fileEncoding = 4; lastKnownFileType = sourcecode.c.h; path = SBJsonStreamParserState.h; sourceTree = "<group>"; };
		C79F627719811449002ED469 /* SBJsonStreamParserState.m */ = {isa = PBXFileReference; fileEncoding = 4; lastKnownFileType = sourcecode.c.objc; path = SBJsonStreamParserState.m; sourceTree = "<group>"; };
		C79F627819811449002ED469 /* SBJsonStreamWriter.h */ = {isa = PBXFileReference; fileEncoding = 4; lastKnownFileType = sourcecode.c.h; path = SBJsonStreamWriter.h; sourceTree = "<group>"; };
		C79F627919811449002ED469 /* SBJsonStreamWriter.m */ = {isa = PBXFileReference; fileEncoding = 4; lastKnownFileType = sourcecode.c.objc; path = SBJsonStreamWriter.m; sourceTree = "<group>"; };
		C79F627A19811449002ED469 /* SBJsonStreamWriterAccumulator.h */ = {isa = PBXFileReference; fileEncoding = 4; lastKnownFileType = sourcecode.c.h; path = SBJsonStreamWriterAccumulator.h; sourceTree = "<group>"; };
		C79F627B19811449002ED469 /* SBJsonStreamWriterAccumulator.m */ = {isa = PBXFileReference; fileEncoding = 4; lastKnownFileType = sourcecode.c.objc; path = SBJsonStreamWriterAccumulator.m; sourceTree = "<group>"; };
		C79F627C19811449002ED469 /* SBJsonStreamWriterState.h */ = {isa = PBXFileReference; fileEncoding = 4; lastKnownFileType = sourcecode.c.h; path = SBJsonStreamWriterState.h; sourceTree = "<group>"; };
		C79F627D19811449002ED469 /* SBJsonStreamWriterState.m */ = {isa = PBXFileReference; fileEncoding = 4; lastKnownFileType = sourcecode.c.objc; path = SBJsonStreamWriterState.m; sourceTree = "<group>"; };
		C79F627E19811449002ED469 /* SBJsonTokeniser.h */ = {isa = PBXFileReference; fileEncoding = 4; lastKnownFileType = sourcecode.c.h; path = SBJsonTokeniser.h; sourceTree = "<group>"; };
		C79F627F19811449002ED469 /* SBJsonTokeniser.m */ = {isa = PBXFileReference; fileEncoding = 4; lastKnownFileType = sourcecode.c.objc; path = SBJsonTokeniser.m; sourceTree = "<group>"; };
		C79F628019811449002ED469 /* SBJsonUTF8Stream.h */ = {isa = PBXFileReference; fileEncoding = 4; lastKnownFileType = sourcecode.c.h; path = SBJsonUTF8Stream.h; sourceTree = "<group>"; };
		C79F628119811449002ED469 /* SBJsonUTF8Stream.m */ = {isa = PBXFileReference; fileEncoding = 4; lastKnownFileType = sourcecode.c.objc; path = SBJsonUTF8Stream.m; sourceTree = "<group>"; };
		C79F628219811449002ED469 /* SBJsonWriter.h */ = {isa = PBXFileReference; fileEncoding = 4; lastKnownFileType = sourcecode.c.h; path = SBJsonWriter.h; sourceTree = "<group>"; };
		C79F628319811449002ED469 /* SBJsonWriter.m */ = {isa = PBXFileReference; fileEncoding = 4; lastKnownFileType = sourcecode.c.objc; path = SBJsonWriter.m; sourceTree = "<group>"; };
		C7A237A2197F72C1009401CF /* RegisterView.h */ = {isa = PBXFileReference; fileEncoding = 4; lastKnownFileType = sourcecode.c.h; path = RegisterView.h; sourceTree = "<group>"; };
		C7A237A3197F72C1009401CF /* RegisterView.m */ = {isa = PBXFileReference; fileEncoding = 4; lastKnownFileType = sourcecode.c.objc; path = RegisterView.m; sourceTree = "<group>"; };
		C7A237A4197F72C1009401CF /* RegisterView.xib */ = {isa = PBXFileReference; fileEncoding = 4; lastKnownFileType = file.xib; path = RegisterView.xib; sourceTree = "<group>"; };
		C7A237A7197F72D9009401CF /* RegistrationView1.h */ = {isa = PBXFileReference; fileEncoding = 4; lastKnownFileType = sourcecode.c.h; path = RegistrationView1.h; sourceTree = "<group>"; };
		C7A237A8197F72D9009401CF /* RegistrationView1.m */ = {isa = PBXFileReference; fileEncoding = 4; lastKnownFileType = sourcecode.c.objc; path = RegistrationView1.m; sourceTree = "<group>"; };
		C7A237A9197F72D9009401CF /* RegistrationView1.xib */ = {isa = PBXFileReference; fileEncoding = 4; lastKnownFileType = file.xib; path = RegistrationView1.xib; sourceTree = "<group>"; };
		C7A237AC197F72F5009401CF /* RegistrationView2.h */ = {isa = PBXFileReference; fileEncoding = 4; lastKnownFileType = sourcecode.c.h; path = RegistrationView2.h; sourceTree = "<group>"; };
		C7A237AD197F72F5009401CF /* RegistrationView2.m */ = {isa = PBXFileReference; fileEncoding = 4; lastKnownFileType = sourcecode.c.objc; path = RegistrationView2.m; sourceTree = "<group>"; };
		C7A237AE197F72F5009401CF /* RegistrationView2.xib */ = {isa = PBXFileReference; fileEncoding = 4; lastKnownFileType = file.xib; path = RegistrationView2.xib; sourceTree = "<group>"; };
		C7A237B1197F74A1009401CF /* Menu_Cell.h */ = {isa = PBXFileReference; fileEncoding = 4; lastKnownFileType = sourcecode.c.h; path = Menu_Cell.h; sourceTree = "<group>"; };
		C7A237B2197F74A1009401CF /* Menu_Cell.m */ = {isa = PBXFileReference; fileEncoding = 4; lastKnownFileType = sourcecode.c.objc; path = Menu_Cell.m; sourceTree = "<group>"; };
		C7A237B3197F74A1009401CF /* Menu_Cell.xib */ = {isa = PBXFileReference; fileEncoding = 4; lastKnownFileType = file.xib; path = Menu_Cell.xib; sourceTree = "<group>"; };
		C7A237B7197F79D2009401CF /* menudemo.png */ = {isa = PBXFileReference; lastKnownFileType = image.png; path = menudemo.png; sourceTree = "<group>"; };
		C7A237BA197F8855009401CF /* facebookicon.png */ = {isa = PBXFileReference; lastKnownFileType = image.png; path = facebookicon.png; sourceTree = "<group>"; };
		C7A237BB197F8855009401CF /* googleplus.png */ = {isa = PBXFileReference; lastKnownFileType = image.png; path = googleplus.png; sourceTree = "<group>"; };
		C7A237BC197F8855009401CF /* twitter.png */ = {isa = PBXFileReference; lastKnownFileType = image.png; path = twitter.png; sourceTree = "<group>"; };
		C7A237C0197F8888009401CF /* register.jpg */ = {isa = PBXFileReference; lastKnownFileType = image.jpeg; path = register.jpg; sourceTree = "<group>"; };
		C7A237C2197F91D4009401CF /* next.png */ = {isa = PBXFileReference; lastKnownFileType = image.png; path = next.png; sourceTree = "<group>"; };
		C7A237CC197F9A60009401CF /* VCRadioButton.h */ = {isa = PBXFileReference; fileEncoding = 4; lastKnownFileType = sourcecode.c.h; path = VCRadioButton.h; sourceTree = "<group>"; };
		C7A237CD197F9A60009401CF /* VCRadioButton.m */ = {isa = PBXFileReference; fileEncoding = 4; lastKnownFileType = sourcecode.c.objc; path = VCRadioButton.m; sourceTree = "<group>"; };
		C7A237CF197FDA0F009401CF /* checkbox.png */ = {isa = PBXFileReference; lastKnownFileType = image.png; path = checkbox.png; sourceTree = "<group>"; };
		C7A237D0197FDA0F009401CF /* checkbox-pressed.png */ = {isa = PBXFileReference; lastKnownFileType = image.png; path = "checkbox-pressed.png"; sourceTree = "<group>"; };
		C7A237D1197FDA0F009401CF /* checkbox-checked.png */ = {isa = PBXFileReference; lastKnownFileType = image.png; path = "checkbox-checked.png"; sourceTree = "<group>"; };
		C7CB532B197E8CE2008F7B8A /* BloodDonationApp.app */ = {isa = PBXFileReference; explicitFileType = wrapper.application; includeInIndex = 0; path = BloodDonationApp.app; sourceTree = BUILT_PRODUCTS_DIR; };
		C7CB532E197E8CE2008F7B8A /* Foundation.framework */ = {isa = PBXFileReference; lastKnownFileType = wrapper.framework; name = Foundation.framework; path = System/Library/Frameworks/Foundation.framework; sourceTree = SDKROOT; };
		C7CB5330197E8CE2008F7B8A /* CoreGraphics.framework */ = {isa = PBXFileReference; lastKnownFileType = wrapper.framework; name = CoreGraphics.framework; path = System/Library/Frameworks/CoreGraphics.framework; sourceTree = SDKROOT; };
		C7CB5332197E8CE2008F7B8A /* UIKit.framework */ = {isa = PBXFileReference; lastKnownFileType = wrapper.framework; name = UIKit.framework; path = System/Library/Frameworks/UIKit.framework; sourceTree = SDKROOT; };
		C7CB5336197E8CE2008F7B8A /* BloodDonationApp-Info.plist */ = {isa = PBXFileReference; lastKnownFileType = text.plist.xml; path = "BloodDonationApp-Info.plist"; sourceTree = "<group>"; };
		C7CB5338197E8CE2008F7B8A /* en */ = {isa = PBXFileReference; lastKnownFileType = text.plist.strings; name = en; path = en.lproj/InfoPlist.strings; sourceTree = "<group>"; };
		C7CB533A197E8CE2008F7B8A /* main.m */ = {isa = PBXFileReference; lastKnownFileType = sourcecode.c.objc; path = main.m; sourceTree = "<group>"; };
		C7CB533C197E8CE2008F7B8A /* BloodDonationApp-Prefix.pch */ = {isa = PBXFileReference; lastKnownFileType = sourcecode.c.h; path = "BloodDonationApp-Prefix.pch"; sourceTree = "<group>"; };
		C7CB533D197E8CE2008F7B8A /* AppDelegate.h */ = {isa = PBXFileReference; lastKnownFileType = sourcecode.c.h; path = AppDelegate.h; sourceTree = "<group>"; };
		C7CB533E197E8CE2008F7B8A /* AppDelegate.m */ = {isa = PBXFileReference; lastKnownFileType = sourcecode.c.objc; path = AppDelegate.m; sourceTree = "<group>"; };
		C7CB5340197E8CE2008F7B8A /* Images.xcassets */ = {isa = PBXFileReference; lastKnownFileType = folder.assetcatalog; path = Images.xcassets; sourceTree = "<group>"; };
		C7CB5346197E8CE2008F7B8A /* BloodDonationAppTests.xctest */ = {isa = PBXFileReference; explicitFileType = wrapper.cfbundle; includeInIndex = 0; path = BloodDonationAppTests.xctest; sourceTree = BUILT_PRODUCTS_DIR; };
		C7CB5347197E8CE2008F7B8A /* XCTest.framework */ = {isa = PBXFileReference; lastKnownFileType = wrapper.framework; name = XCTest.framework; path = Library/Frameworks/XCTest.framework; sourceTree = DEVELOPER_DIR; };
		C7CB534F197E8CE2008F7B8A /* BloodDonationAppTests-Info.plist */ = {isa = PBXFileReference; lastKnownFileType = text.plist.xml; path = "BloodDonationAppTests-Info.plist"; sourceTree = "<group>"; };
		C7CB5351197E8CE2008F7B8A /* en */ = {isa = PBXFileReference; lastKnownFileType = text.plist.strings; name = en; path = en.lproj/InfoPlist.strings; sourceTree = "<group>"; };
		C7CB5353197E8CE2008F7B8A /* BloodDonationAppTests.m */ = {isa = PBXFileReference; lastKnownFileType = sourcecode.c.objc; path = BloodDonationAppTests.m; sourceTree = "<group>"; };
		C7CB535D197E8CFE008F7B8A /* ViewController.h */ = {isa = PBXFileReference; fileEncoding = 4; lastKnownFileType = sourcecode.c.h; path = ViewController.h; sourceTree = "<group>"; };
		C7CB535E197E8CFE008F7B8A /* ViewController.m */ = {isa = PBXFileReference; fileEncoding = 4; lastKnownFileType = sourcecode.c.objc; path = ViewController.m; sourceTree = "<group>"; };
		C7CB535F197E8CFE008F7B8A /* ViewController.xib */ = {isa = PBXFileReference; fileEncoding = 4; lastKnownFileType = file.xib; path = ViewController.xib; sourceTree = "<group>"; };
/* End PBXFileReference section */

/* Begin PBXFrameworksBuildPhase section */
		C7CB5328197E8CE2008F7B8A /* Frameworks */ = {
			isa = PBXFrameworksBuildPhase;
			buildActionMask = 2147483647;
			files = (
				C7CB5331197E8CE2008F7B8A /* CoreGraphics.framework in Frameworks */,
				C7CB5333197E8CE2008F7B8A /* UIKit.framework in Frameworks */,
				C7CB532F197E8CE2008F7B8A /* Foundation.framework in Frameworks */,
			);
			runOnlyForDeploymentPostprocessing = 0;
		};
		C7CB5343197E8CE2008F7B8A /* Frameworks */ = {
			isa = PBXFrameworksBuildPhase;
			buildActionMask = 2147483647;
			files = (
				C7CB5348197E8CE2008F7B8A /* XCTest.framework in Frameworks */,
				C7CB534A197E8CE2008F7B8A /* UIKit.framework in Frameworks */,
				C7CB5349197E8CE2008F7B8A /* Foundation.framework in Frameworks */,
			);
			runOnlyForDeploymentPostprocessing = 0;
		};
/* End PBXFrameworksBuildPhase section */

/* Begin PBXGroup section */
		C79F62631980E7D5002ED469 /* Webservices */ = {
			isa = PBXGroup;
			children = (
				C79F626A19811449002ED469 /* Sbjson  */,
				C79F62671980EC97002ED469 /* WebMethod.h */,
				C79F62681980EC97002ED469 /* WebMethod.m */,
			);
			name = Webservices;
			sourceTree = "<group>";
		};
		C79F626A19811449002ED469 /* Sbjson  */ = {
			isa = PBXGroup;
			children = (
				C79F626B19811449002ED469 /* NSObject+SBJson.h */,
				C79F626C19811449002ED469 /* NSObject+SBJson.m */,
				C79F626D19811449002ED469 /* SBJson.h */,
				C79F626E19811449002ED469 /* SBJsonParser.h */,
				C79F626F19811449002ED469 /* SBJsonParser.m */,
				C79F627019811449002ED469 /* SBJsonStreamParser.h */,
				C79F627119811449002ED469 /* SBJsonStreamParser.m */,
				C79F627219811449002ED469 /* SBJsonStreamParserAccumulator.h */,
				C79F627319811449002ED469 /* SBJsonStreamParserAccumulator.m */,
				C79F627419811449002ED469 /* SBJsonStreamParserAdapter.h */,
				C79F627519811449002ED469 /* SBJsonStreamParserAdapter.m */,
				C79F627619811449002ED469 /* SBJsonStreamParserState.h */,
				C79F627719811449002ED469 /* SBJsonStreamParserState.m */,
				C79F627819811449002ED469 /* SBJsonStreamWriter.h */,
				C79F627919811449002ED469 /* SBJsonStreamWriter.m */,
				C79F627A19811449002ED469 /* SBJsonStreamWriterAccumulator.h */,
				C79F627B19811449002ED469 /* SBJsonStreamWriterAccumulator.m */,
				C79F627C19811449002ED469 /* SBJsonStreamWriterState.h */,
				C79F627D19811449002ED469 /* SBJsonStreamWriterState.m */,
				C79F627E19811449002ED469 /* SBJsonTokeniser.h */,
				C79F627F19811449002ED469 /* SBJsonTokeniser.m */,
				C79F628019811449002ED469 /* SBJsonUTF8Stream.h */,
				C79F628119811449002ED469 /* SBJsonUTF8Stream.m */,
				C79F628219811449002ED469 /* SBJsonWriter.h */,
				C79F628319811449002ED469 /* SBJsonWriter.m */,
			);
			name = "Sbjson ";
			path = Classes;
			sourceTree = "<group>";
		};
		C7A237B6197F79A8009401CF /* Image */ = {
			isa = PBXGroup;
			children = (
				C7A237CF197FDA0F009401CF /* checkbox.png */,
				C7A237D0197FDA0F009401CF /* checkbox-pressed.png */,
				C7A237D1197FDA0F009401CF /* checkbox-checked.png */,
				C7A237C2197F91D4009401CF /* next.png */,
				C7A237BA197F8855009401CF /* facebookicon.png */,
				C7A237BB197F8855009401CF /* googleplus.png */,
				C7A237C0197F8888009401CF /* register.jpg */,
				C7A237BC197F8855009401CF /* twitter.png */,
				C7A237B7197F79D2009401CF /* menudemo.png */,
			);
			name = Image;
			sourceTree = "<group>";
		};
		C7A237B9197F8166009401CF /* Registration */ = {
			isa = PBXGroup;
			children = (
				C7A237A2197F72C1009401CF /* RegisterView.h */,
				C7A237A3197F72C1009401CF /* RegisterView.m */,
				C7A237A4197F72C1009401CF /* RegisterView.xib */,
				C7A237A7197F72D9009401CF /* RegistrationView1.h */,
				C7A237A8197F72D9009401CF /* RegistrationView1.m */,
				C7A237A9197F72D9009401CF /* RegistrationView1.xib */,
				C7A237AC197F72F5009401CF /* RegistrationView2.h */,
				C7A237AD197F72F5009401CF /* RegistrationView2.m */,
				C7A237AE197F72F5009401CF /* RegistrationView2.xib */,
			);
			name = Registration;
			sourceTree = "<group>";
		};
		C7A237C4197F96CD009401CF /* Radio Button */ = {
			isa = PBXGroup;
			children = (
				C7A237CC197F9A60009401CF /* VCRadioButton.h */,
				C7A237CD197F9A60009401CF /* VCRadioButton.m */,
			);
			name = "Radio Button";
			sourceTree = "<group>";
		};
		C7CB5322197E8CE2008F7B8A = {
			isa = PBXGroup;
			children = (
				C7CB5334197E8CE2008F7B8A /* BloodDonationApp */,
				C7CB534D197E8CE2008F7B8A /* BloodDonationAppTests */,
				C7CB532D197E8CE2008F7B8A /* Frameworks */,
				C7CB532C197E8CE2008F7B8A /* Products */,
			);
			sourceTree = "<group>";
		};
		C7CB532C197E8CE2008F7B8A /* Products */ = {
			isa = PBXGroup;
			children = (
				C7CB532B197E8CE2008F7B8A /* BloodDonationApp.app */,
				C7CB5346197E8CE2008F7B8A /* BloodDonationAppTests.xctest */,
			);
			name = Products;
			sourceTree = "<group>";
		};
		C7CB532D197E8CE2008F7B8A /* Frameworks */ = {
			isa = PBXGroup;
			children = (
				C7CB532E197E8CE2008F7B8A /* Foundation.framework */,
				C7CB5330197E8CE2008F7B8A /* CoreGraphics.framework */,
				C7CB5332197E8CE2008F7B8A /* UIKit.framework */,
				C7CB5347197E8CE2008F7B8A /* XCTest.framework */,
			);
			name = Frameworks;
			sourceTree = "<group>";
		};
		C7CB5334197E8CE2008F7B8A /* BloodDonationApp */ = {
			isa = PBXGroup;
			children = (
				C79F62631980E7D5002ED469 /* Webservices */,
				C7A237C4197F96CD009401CF /* Radio Button */,
				C7A237B6197F79A8009401CF /* Image */,
				C7CB533D197E8CE2008F7B8A /* AppDelegate.h */,
				C7CB533E197E8CE2008F7B8A /* AppDelegate.m */,
				C7CB535D197E8CFE008F7B8A /* ViewController.h */,
				C7CB535E197E8CFE008F7B8A /* ViewController.m */,
				C7CB535F197E8CFE008F7B8A /* ViewController.xib */,
				C7A237B1197F74A1009401CF /* Menu_Cell.h */,
				C7A237B2197F74A1009401CF /* Menu_Cell.m */,
				C7A237B3197F74A1009401CF /* Menu_Cell.xib */,
				C7A237B9197F8166009401CF /* Registration */,
				C7CB5340197E8CE2008F7B8A /* Images.xcassets */,
				C7CB5335197E8CE2008F7B8A /* Supporting Files */,
			);
			path = BloodDonationApp;
			sourceTree = "<group>";
		};
		C7CB5335197E8CE2008F7B8A /* Supporting Files */ = {
			isa = PBXGroup;
			children = (
				C7CB5336197E8CE2008F7B8A /* BloodDonationApp-Info.plist */,
				C7CB5337197E8CE2008F7B8A /* InfoPlist.strings */,
				C7CB533A197E8CE2008F7B8A /* main.m */,
				C7CB533C197E8CE2008F7B8A /* BloodDonationApp-Prefix.pch */,
			);
			name = "Supporting Files";
			sourceTree = "<group>";
		};
		C7CB534D197E8CE2008F7B8A /* BloodDonationAppTests */ = {
			isa = PBXGroup;
			children = (
				C7CB5353197E8CE2008F7B8A /* BloodDonationAppTests.m */,
				C7CB534E197E8CE2008F7B8A /* Supporting Files */,
			);
			path = BloodDonationAppTests;
			sourceTree = "<group>";
		};
		C7CB534E197E8CE2008F7B8A /* Supporting Files */ = {
			isa = PBXGroup;
			children = (
				C7CB534F197E8CE2008F7B8A /* BloodDonationAppTests-Info.plist */,
				C7CB5350197E8CE2008F7B8A /* InfoPlist.strings */,
			);
			name = "Supporting Files";
			sourceTree = "<group>";
		};
/* End PBXGroup section */

/* Begin PBXNativeTarget section */
		C7CB532A197E8CE2008F7B8A /* BloodDonationApp */ = {
			isa = PBXNativeTarget;
			buildConfigurationList = C7CB5357197E8CE2008F7B8A /* Build configuration list for PBXNativeTarget "BloodDonationApp" */;
			buildPhases = (
				C7CB5327197E8CE2008F7B8A /* Sources */,
				C7CB5328197E8CE2008F7B8A /* Frameworks */,
				C7CB5329197E8CE2008F7B8A /* Resources */,
			);
			buildRules = (
			);
			dependencies = (
			);
			name = BloodDonationApp;
			productName = BloodDonationApp;
			productReference = C7CB532B197E8CE2008F7B8A /* BloodDonationApp.app */;
			productType = "com.apple.product-type.application";
		};
		C7CB5345197E8CE2008F7B8A /* BloodDonationAppTests */ = {
			isa = PBXNativeTarget;
			buildConfigurationList = C7CB535A197E8CE2008F7B8A /* Build configuration list for PBXNativeTarget "BloodDonationAppTests" */;
			buildPhases = (
				C7CB5342197E8CE2008F7B8A /* Sources */,
				C7CB5343197E8CE2008F7B8A /* Frameworks */,
				C7CB5344197E8CE2008F7B8A /* Resources */,
			);
			buildRules = (
			);
			dependencies = (
				C7CB534C197E8CE2008F7B8A /* PBXTargetDependency */,
			);
			name = BloodDonationAppTests;
			productName = BloodDonationAppTests;
			productReference = C7CB5346197E8CE2008F7B8A /* BloodDonationAppTests.xctest */;
			productType = "com.apple.product-type.bundle.unit-test";
		};
/* End PBXNativeTarget section */

/* Begin PBXProject section */
		C7CB5323197E8CE2008F7B8A /* Project object */ = {
			isa = PBXProject;
			attributes = {
				LastUpgradeCheck = 0510;
				ORGANIZATIONNAME = DIZIFIZZ;
				TargetAttributes = {
					C7CB5345197E8CE2008F7B8A = {
						TestTargetID = C7CB532A197E8CE2008F7B8A;
					};
				};
			};
			buildConfigurationList = C7CB5326197E8CE2008F7B8A /* Build configuration list for PBXProject "BloodDonationApp" */;
			compatibilityVersion = "Xcode 3.2";
			developmentRegion = English;
			hasScannedForEncodings = 0;
			knownRegions = (
				en,
			);
			mainGroup = C7CB5322197E8CE2008F7B8A;
			productRefGroup = C7CB532C197E8CE2008F7B8A /* Products */;
			projectDirPath = "";
			projectRoot = "";
			targets = (
				C7CB532A197E8CE2008F7B8A /* BloodDonationApp */,
				C7CB5345197E8CE2008F7B8A /* BloodDonationAppTests */,
			);
		};
/* End PBXProject section */

/* Begin PBXResourcesBuildPhase section */
		C7CB5329197E8CE2008F7B8A /* Resources */ = {
			isa = PBXResourcesBuildPhase;
			buildActionMask = 2147483647;
			files = (
				C7A237C1197F8888009401CF /* register.jpg in Resources */,
				C7CB5339197E8CE2008F7B8A /* InfoPlist.strings in Resources */,
				C7A237D4197FDA0F009401CF /* checkbox-checked.png in Resources */,
				C7A237B8197F79D2009401CF /* menudemo.png in Resources */,
				C7A237A6197F72C1009401CF /* RegisterView.xib in Resources */,
				C7A237AB197F72D9009401CF /* RegistrationView1.xib in Resources */,
				C7A237BE197F8855009401CF /* googleplus.png in Resources */,
				C7A237D2197FDA0F009401CF /* checkbox.png in Resources */,
				C7A237B5197F74A1009401CF /* Menu_Cell.xib in Resources */,
				C7A237BF197F8855009401CF /* twitter.png in Resources */,
				C7CB5361197E8CFE008F7B8A /* ViewController.xib in Resources */,
				C7A237B0197F72F5009401CF /* RegistrationView2.xib in Resources */,
				C7A237BD197F8855009401CF /* facebookicon.png in Resources */,
				C7CB5341197E8CE2008F7B8A /* Images.xcassets in Resources */,
				C7A237C3197F91D4009401CF /* next.png in Resources */,
				C7A237D3197FDA0F009401CF /* checkbox-pressed.png in Resources */,
			);
			runOnlyForDeploymentPostprocessing = 0;
		};
		C7CB5344197E8CE2008F7B8A /* Resources */ = {
			isa = PBXResourcesBuildPhase;
			buildActionMask = 2147483647;
			files = (
				C7CB5352197E8CE2008F7B8A /* InfoPlist.strings in Resources */,
			);
			runOnlyForDeploymentPostprocessing = 0;
		};
/* End PBXResourcesBuildPhase section */

/* Begin PBXSourcesBuildPhase section */
		C7CB5327197E8CE2008F7B8A /* Sources */ = {
			isa = PBXSourcesBuildPhase;
			buildActionMask = 2147483647;
			files = (
				C7CB5360197E8CFE008F7B8A /* ViewController.m in Sources */,
				C79F628B19811449002ED469 /* SBJsonStreamWriterAccumulator.m in Sources */,
				C79F628819811449002ED469 /* SBJsonStreamParserAdapter.m in Sources */,
				C79F628E19811449002ED469 /* SBJsonUTF8Stream.m in Sources */,
				C7A237A5197F72C1009401CF /* RegisterView.m in Sources */,
				C79F628919811449002ED469 /* SBJsonStreamParserState.m in Sources */,
				C7CB533F197E8CE2008F7B8A /* AppDelegate.m in Sources */,
				C79F628F19811449002ED469 /* SBJsonWriter.m in Sources */,
				C79F628619811449002ED469 /* SBJsonStreamParser.m in Sources */,
				C79F62691980EC98002ED469 /* WebMethod.m in Sources */,
				C79F628A19811449002ED469 /* SBJsonStreamWriter.m in Sources */,
				C79F628C19811449002ED469 /* SBJsonStreamWriterState.m in Sources */,
				C79F628519811449002ED469 /* SBJsonParser.m in Sources */,
				C79F628D19811449002ED469 /* SBJsonTokeniser.m in Sources */,
				C7A237AA197F72D9009401CF /* RegistrationView1.m in Sources */,
				C7A237AF197F72F5009401CF /* RegistrationView2.m in Sources */,
				C7CB533B197E8CE2008F7B8A /* main.m in Sources */,
				C7A237CE197F9A60009401CF /* VCRadioButton.m in Sources */,
				C79F628719811449002ED469 /* SBJsonStreamParserAccumulator.m in Sources */,
				C79F628419811449002ED469 /* NSObject+SBJson.m in Sources */,
				C7A237B4197F74A1009401CF /* Menu_Cell.m in Sources */,
			);
			runOnlyForDeploymentPostprocessing = 0;
		};
		C7CB5342197E8CE2008F7B8A /* Sources */ = {
			isa = PBXSourcesBuildPhase;
			buildActionMask = 2147483647;
			files = (
				C7CB5354197E8CE2008F7B8A /* BloodDonationAppTests.m in Sources */,
			);
			runOnlyForDeploymentPostprocessing = 0;
		};
/* End PBXSourcesBuildPhase section */

/* Begin PBXTargetDependency section */
		C7CB534C197E8CE2008F7B8A /* PBXTargetDependency */ = {
			isa = PBXTargetDependency;
			target = C7CB532A197E8CE2008F7B8A /* BloodDonationApp */;
			targetProxy = C7CB534B197E8CE2008F7B8A /* PBXContainerItemProxy */;
		};
/* End PBXTargetDependency section */

/* Begin PBXVariantGroup section */
		C7CB5337197E8CE2008F7B8A /* InfoPlist.strings */ = {
			isa = PBXVariantGroup;
			children = (
				C7CB5338197E8CE2008F7B8A /* en */,
			);
			name = InfoPlist.strings;
			sourceTree = "<group>";
		};
		C7CB5350197E8CE2008F7B8A /* InfoPlist.strings */ = {
			isa = PBXVariantGroup;
			children = (
				C7CB5351197E8CE2008F7B8A /* en */,
			);
			name = InfoPlist.strings;
			sourceTree = "<group>";
		};
/* End PBXVariantGroup section */

/* Begin XCBuildConfiguration section */
		C7CB5355197E8CE2008F7B8A /* Debug */ = {
			isa = XCBuildConfiguration;
			buildSettings = {
				ALWAYS_SEARCH_USER_PATHS = NO;
				CLANG_CXX_LANGUAGE_STANDARD = "gnu++0x";
				CLANG_CXX_LIBRARY = "libc++";
				CLANG_ENABLE_MODULES = YES;
				CLANG_ENABLE_OBJC_ARC = YES;
				CLANG_WARN_BOOL_CONVERSION = YES;
				CLANG_WARN_CONSTANT_CONVERSION = YES;
				CLANG_WARN_DIRECT_OBJC_ISA_USAGE = YES_ERROR;
				CLANG_WARN_EMPTY_BODY = YES;
				CLANG_WARN_ENUM_CONVERSION = YES;
				CLANG_WARN_INT_CONVERSION = YES;
				CLANG_WARN_OBJC_ROOT_CLASS = YES_ERROR;
				CLANG_WARN__DUPLICATE_METHOD_MATCH = YES;
				"CODE_SIGN_IDENTITY[sdk=iphoneos*]" = "iPhone Developer";
				COPY_PHASE_STRIP = NO;
				GCC_C_LANGUAGE_STANDARD = gnu99;
				GCC_DYNAMIC_NO_PIC = NO;
				GCC_OPTIMIZATION_LEVEL = 0;
				GCC_PREPROCESSOR_DEFINITIONS = (
					"DEBUG=1",
					"$(inherited)",
				);
				GCC_SYMBOLS_PRIVATE_EXTERN = NO;
				GCC_WARN_64_TO_32_BIT_CONVERSION = YES;
				GCC_WARN_ABOUT_RETURN_TYPE = YES_ERROR;
				GCC_WARN_UNDECLARED_SELECTOR = YES;
				GCC_WARN_UNINITIALIZED_AUTOS = YES_AGGRESSIVE;
				GCC_WARN_UNUSED_FUNCTION = YES;
				GCC_WARN_UNUSED_VARIABLE = YES;
				IPHONEOS_DEPLOYMENT_TARGET = 7.1;
				ONLY_ACTIVE_ARCH = YES;
				SDKROOT = iphoneos;
			};
			name = Debug;
		};
		C7CB5356197E8CE2008F7B8A /* Release */ = {
			isa = XCBuildConfiguration;
			buildSettings = {
				ALWAYS_SEARCH_USER_PATHS = NO;
				CLANG_CXX_LANGUAGE_STANDARD = "gnu++0x";
				CLANG_CXX_LIBRARY = "libc++";
				CLANG_ENABLE_MODULES = YES;
				CLANG_ENABLE_OBJC_ARC = YES;
				CLANG_WARN_BOOL_CONVERSION = YES;
				CLANG_WARN_CONSTANT_CONVERSION = YES;
				CLANG_WARN_DIRECT_OBJC_ISA_USAGE = YES_ERROR;
				CLANG_WARN_EMPTY_BODY = YES;
				CLANG_WARN_ENUM_CONVERSION = YES;
				CLANG_WARN_INT_CONVERSION = YES;
				CLANG_WARN_OBJC_ROOT_CLASS = YES_ERROR;
				CLANG_WARN__DUPLICATE_METHOD_MATCH = YES;
				"CODE_SIGN_IDENTITY[sdk=iphoneos*]" = "iPhone Developer";
				COPY_PHASE_STRIP = YES;
				ENABLE_NS_ASSERTIONS = NO;
				GCC_C_LANGUAGE_STANDARD = gnu99;
				GCC_WARN_64_TO_32_BIT_CONVERSION = YES;
				GCC_WARN_ABOUT_RETURN_TYPE = YES_ERROR;
				GCC_WARN_UNDECLARED_SELECTOR = YES;
				GCC_WARN_UNINITIALIZED_AUTOS = YES_AGGRESSIVE;
				GCC_WARN_UNUSED_FUNCTION = YES;
				GCC_WARN_UNUSED_VARIABLE = YES;
				IPHONEOS_DEPLOYMENT_TARGET = 7.1;
				SDKROOT = iphoneos;
				VALIDATE_PRODUCT = YES;
			};
			name = Release;
		};
		C7CB5358197E8CE2008F7B8A /* Debug */ = {
			isa = XCBuildConfiguration;
			buildSettings = {
				ASSETCATALOG_COMPILER_APPICON_NAME = AppIcon;
				ASSETCATALOG_COMPILER_LAUNCHIMAGE_NAME = LaunchImage;
				GCC_PRECOMPILE_PREFIX_HEADER = YES;
				GCC_PREFIX_HEADER = "BloodDonationApp/BloodDonationApp-Prefix.pch";
				INFOPLIST_FILE = "BloodDonationApp/BloodDonationApp-Info.plist";
				PRODUCT_NAME = "$(TARGET_NAME)";
				WRAPPER_EXTENSION = app;
			};
			name = Debug;
		};
		C7CB5359197E8CE2008F7B8A /* Release */ = {
			isa = XCBuildConfiguration;
			buildSettings = {
				ASSETCATALOG_COMPILER_APPICON_NAME = AppIcon;
				ASSETCATALOG_COMPILER_LAUNCHIMAGE_NAME = LaunchImage;
				GCC_PRECOMPILE_PREFIX_HEADER = YES;
				GCC_PREFIX_HEADER = "BloodDonationApp/BloodDonationApp-Prefix.pch";
				INFOPLIST_FILE = "BloodDonationApp/BloodDonationApp-Info.plist";
				PRODUCT_NAME = "$(TARGET_NAME)";
				WRAPPER_EXTENSION = app;
			};
			name = Release;
		};
		C7CB535B197E8CE2008F7B8A /* Debug */ = {
			isa = XCBuildConfiguration;
			buildSettings = {
				BUNDLE_LOADER = "$(BUILT_PRODUCTS_DIR)/BloodDonationApp.app/BloodDonationApp";
				FRAMEWORK_SEARCH_PATHS = (
					"$(SDKROOT)/Developer/Library/Frameworks",
					"$(inherited)",
					"$(DEVELOPER_FRAMEWORKS_DIR)",
				);
				GCC_PRECOMPILE_PREFIX_HEADER = YES;
				GCC_PREFIX_HEADER = "BloodDonationApp/BloodDonationApp-Prefix.pch";
				GCC_PREPROCESSOR_DEFINITIONS = (
					"DEBUG=1",
					"$(inherited)",
				);
				INFOPLIST_FILE = "BloodDonationAppTests/BloodDonationAppTests-Info.plist";
				PRODUCT_NAME = "$(TARGET_NAME)";
				TEST_HOST = "$(BUNDLE_LOADER)";
				WRAPPER_EXTENSION = xctest;
			};
			name = Debug;
		};
		C7CB535C197E8CE2008F7B8A /* Release */ = {
			isa = XCBuildConfiguration;
			buildSettings = {
				BUNDLE_LOADER = "$(BUILT_PRODUCTS_DIR)/BloodDonationApp.app/BloodDonationApp";
				FRAMEWORK_SEARCH_PATHS = (
					"$(SDKROOT)/Developer/Library/Frameworks",
					"$(inherited)",
					"$(DEVELOPER_FRAMEWORKS_DIR)",
				);
				GCC_PRECOMPILE_PREFIX_HEADER = YES;
				GCC_PREFIX_HEADER = "BloodDonationApp/BloodDonationApp-Prefix.pch";
				INFOPLIST_FILE = "BloodDonationAppTests/BloodDonationAppTests-Info.plist";
				PRODUCT_NAME = "$(TARGET_NAME)";
				TEST_HOST = "$(BUNDLE_LOADER)";
				WRAPPER_EXTENSION = xctest;
			};
			name = Release;
		};
/* End XCBuildConfiguration section */

/* Begin XCConfigurationList section */
		C7CB5326197E8CE2008F7B8A /* Build configuration list for PBXProject "BloodDonationApp" */ = {
			isa = XCConfigurationList;
			buildConfigurations = (
				C7CB5355197E8CE2008F7B8A /* Debug */,
				C7CB5356197E8CE2008F7B8A /* Release */,
			);
			defaultConfigurationIsVisible = 0;
			defaultConfigurationName = Release;
		};
		C7CB5357197E8CE2008F7B8A /* Build configuration list for PBXNativeTarget "BloodDonationApp" */ = {
			isa = XCConfigurationList;
			buildConfigurations = (
				C7CB5358197E8CE2008F7B8A /* Debug */,
				C7CB5359197E8CE2008F7B8A /* Release */,
			);
			defaultConfigurationIsVisible = 0;
			defaultConfigurationName = Release;
		};
		C7CB535A197E8CE2008F7B8A /* Build configuration list for PBXNativeTarget "BloodDonationAppTests" */ = {
			isa = XCConfigurationList;
			buildConfigurations = (
				C7CB535B197E8CE2008F7B8A /* Debug */,
				C7CB535C197E8CE2008F7B8A /* Release */,
			);
			defaultConfigurationIsVisible = 0;
			defaultConfigurationName = Release;
		};
/* End XCConfigurationList section */
	};
	rootObject = C7CB5323197E8CE2008F7B8A /* Project object */;
}
